
Microsoft Visual Studio Solution File, Format Version 12.00
# Visual Studio Version 17
VisualStudioVersion = 17.1.32407.343
MinimumVisualStudioVersion = 10.0.40219.1
Project("{FAE04EC0-301F-11D3-BF4B-00C04F79EFBC}") = "Lab_06", "Lab_06\Lab_06.csproj", "{BF906699-B9FA-4B56-9DB0-C35797987F33}"
EndProject
Project("{FAE04EC0-301F-11D3-BF4B-00C04F79EFBC}") = "Testssss", "Testssss\Testssss.csproj", "{F50A47D6-ECDA-4B32-9962-4D5BD48A373F}"
EndProject
Global
	GlobalSection(SolutionConfigurationPlatforms) = preSolution
		Debug|Any CPU = Debug|Any CPU
		Release|Any CPU = Release|Any CPU
	EndGlobalSection
	GlobalSection(ProjectConfigurationPlatforms) = postSolution
		{BF906699-B9FA-4B56-9DB0-C35797987F33}.Debug|Any CPU.ActiveCfg = Debug|Any CPU
		{BF906699-B9FA-4B56-9DB0-C35797987F33}.Debug|Any CPU.Build.0 = Debug|Any CPU
		{BF906699-B9FA-4B56-9DB0-C35797987F33}.Release|Any CPU.ActiveCfg = Release|Any CPU
		{BF906699-B9FA-4B56-9DB0-C35797987F33}.Release|Any CPU.Build.0 = Release|Any CPU
		{F50A47D6-ECDA-4B32-9962-4D5BD48A373F}.Debug|Any CPU.ActiveCfg = Debug|Any CPU
		{F50A47D6-ECDA-4B32-9962-4D5BD48A373F}.Debug|Any CPU.Build.0 = Debug|Any CPU
		{F50A47D6-ECDA-4B32-9962-4D5BD48A373F}.Release|Any CPU.ActiveCfg = Release|Any CPU
		{F50A47D6-ECDA-4B32-9962-4D5BD48A373F}.Release|Any CPU.Build.0 = Release|Any CPU
	EndGlobalSection
	GlobalSection(SolutionProperties) = preSolution
		HideSolutionNode = FALSE
	EndGlobalSection
	GlobalSection(ExtensibilityGlobals) = postSolution
		SolutionGuid = {A76E571E-8A55-4292-813A-50024DA98FC7}
	EndGlobalSection
EndGlobal
